// !$*UTF8*$!
{
	archiveVersion = 1;
	classes = {
	};
	objectVersion = 55;
	objects = {

/* Begin PBXBuildFile section */
		495376E9291D3E6000E577F9 /* ProfileHost.swift in Sources */ = {isa = PBXBuildFile; fileRef = 495376E8291D3E6000E577F9 /* ProfileHost.swift */; };
		495376EB291D3E7200E577F9 /* ProfileSummary.swift in Sources */ = {isa = PBXBuildFile; fileRef = 495376EA291D3E7200E577F9 /* ProfileSummary.swift */; };
		495376ED291D3E8600E577F9 /* ProfileEditor.swift in Sources */ = {isa = PBXBuildFile; fileRef = 495376EC291D3E8600E577F9 /* ProfileEditor.swift */; };
		495376EF291D3EE000E577F9 /* Profile.swift in Sources */ = {isa = PBXBuildFile; fileRef = 495376EE291D3EE000E577F9 /* Profile.swift */; };
		495376F1291D3F2400E577F9 /* HikeBadge.swift in Sources */ = {isa = PBXBuildFile; fileRef = 495376F0291D3F2400E577F9 /* HikeBadge.swift */; };
		495376F32922BDB200E577F9 /* PListManager.swift in Sources */ = {isa = PBXBuildFile; fileRef = 495376F22922BDB200E577F9 /* PListManager.swift */; };
		4982031E28FDC5A200B9D08F /* LandmarksApp.swift in Sources */ = {isa = PBXBuildFile; fileRef = 4982031D28FDC5A200B9D08F /* LandmarksApp.swift */; };
		4982032028FDC5A200B9D08F /* ContentView.swift in Sources */ = {isa = PBXBuildFile; fileRef = 4982031F28FDC5A200B9D08F /* ContentView.swift */; };
		4982032228FDC5A300B9D08F /* Assets.xcassets in Resources */ = {isa = PBXBuildFile; fileRef = 4982032128FDC5A300B9D08F /* Assets.xcassets */; };
		4982032528FDC5A300B9D08F /* Preview Assets.xcassets in Resources */ = {isa = PBXBuildFile; fileRef = 4982032428FDC5A300B9D08F /* Preview Assets.xcassets */; };
		4982032C28FDCB3400B9D08F /* CircleImage.swift in Sources */ = {isa = PBXBuildFile; fileRef = 4982032B28FDCB3400B9D08F /* CircleImage.swift */; };
		4982032E28FDCE0D00B9D08F /* MapView.swift in Sources */ = {isa = PBXBuildFile; fileRef = 4982032D28FDCE0D00B9D08F /* MapView.swift */; };
		4982033029004C8200B9D08F /* landmarkData.json in Resources */ = {isa = PBXBuildFile; fileRef = 4982032F29004C8200B9D08F /* landmarkData.json */; };
		4982033229004D2100B9D08F /* Landmark.swift in Sources */ = {isa = PBXBuildFile; fileRef = 4982033129004D2100B9D08F /* Landmark.swift */; };
		4982033629004FCB00B9D08F /* Coordinates.swift in Sources */ = {isa = PBXBuildFile; fileRef = 4982033529004FCB00B9D08F /* Coordinates.swift */; };
		49820338290050EA00B9D08F /* ModelData.swift in Sources */ = {isa = PBXBuildFile; fileRef = 49820337290050EA00B9D08F /* ModelData.swift */; };
		4982033C2902C76400B9D08F /* LandmarkRow.swift in Sources */ = {isa = PBXBuildFile; fileRef = 4982033B2902C76400B9D08F /* LandmarkRow.swift */; };
		498203402902CB9B00B9D08F /* LandmarkList.swift in Sources */ = {isa = PBXBuildFile; fileRef = 4982033F2902CB9B00B9D08F /* LandmarkList.swift */; };
		498203422902CF4200B9D08F /* LandmarkDetail.swift in Sources */ = {isa = PBXBuildFile; fileRef = 498203412902CF4200B9D08F /* LandmarkDetail.swift */; };
		498CB7A0294533AE000F2704 /* ImagePickerView.swift in Sources */ = {isa = PBXBuildFile; fileRef = 498CB79F294533AE000F2704 /* ImagePickerView.swift */; };
		498CB7A229453D11000F2704 /* Coordinator.swift in Sources */ = {isa = PBXBuildFile; fileRef = 498CB7A129453D11000F2704 /* Coordinator.swift */; };
		499FC21B2910507600294513 /* TopRatedButton.swift in Sources */ = {isa = PBXBuildFile; fileRef = 499FC21A2910507600294513 /* TopRatedButton.swift */; };
		49CA3210291A98C30090EDAE /* Badge.swift in Sources */ = {isa = PBXBuildFile; fileRef = 49CA320F291A98C30090EDAE /* Badge.swift */; };
		49CA3212291A993E0090EDAE /* BadgeBackground.swift in Sources */ = {isa = PBXBuildFile; fileRef = 49CA3211291A993E0090EDAE /* BadgeBackground.swift */; };
		49CA3214291A998E0090EDAE /* BadgeSymbol.swift in Sources */ = {isa = PBXBuildFile; fileRef = 49CA3213291A998E0090EDAE /* BadgeSymbol.swift */; };
		49CA3216291A99B00090EDAE /* RotatedBadgeSymbol.swift in Sources */ = {isa = PBXBuildFile; fileRef = 49CA3215291A99B00090EDAE /* RotatedBadgeSymbol.swift */; };
		49CA3218291A99E70090EDAE /* HexagonParameters.swift in Sources */ = {isa = PBXBuildFile; fileRef = 49CA3217291A99E70090EDAE /* HexagonParameters.swift */; };
		49CA321A291AA5A10090EDAE /* Hike.swift in Sources */ = {isa = PBXBuildFile; fileRef = 49CA3219291AA5A10090EDAE /* Hike.swift */; };
		49CA321D291AA6030090EDAE /* HikeView.swift in Sources */ = {isa = PBXBuildFile; fileRef = 49CA321C291AA6030090EDAE /* HikeView.swift */; };
		49CA321F291AA6300090EDAE /* HikeDetail.swift in Sources */ = {isa = PBXBuildFile; fileRef = 49CA321E291AA6300090EDAE /* HikeDetail.swift */; };
		49CA3221291AA65C0090EDAE /* HikeGraph.swift in Sources */ = {isa = PBXBuildFile; fileRef = 49CA3220291AA65C0090EDAE /* HikeGraph.swift */; };
		49CA3223291AA6850090EDAE /* GraphCapsule.swift in Sources */ = {isa = PBXBuildFile; fileRef = 49CA3222291AA6850090EDAE /* GraphCapsule.swift */; };
		49CA3226291AA9BC0090EDAE /* hikeData.json in Resources */ = {isa = PBXBuildFile; fileRef = 49CA3225291AA9BC0090EDAE /* hikeData.json */; };
		49CA3228291AAA4A0090EDAE /* landmarks.plist in Resources */ = {isa = PBXBuildFile; fileRef = 49CA3227291AAA4A0090EDAE /* landmarks.plist */; };
		49CA3236291D3C8B0090EDAE /* CategoryHome.swift in Sources */ = {isa = PBXBuildFile; fileRef = 49CA3235291D3C8B0090EDAE /* CategoryHome.swift */; };
		49CA3238291D3CA90090EDAE /* CategoryRow.swift in Sources */ = {isa = PBXBuildFile; fileRef = 49CA3237291D3CA90090EDAE /* CategoryRow.swift */; };
		49CA323A291D3CC50090EDAE /* CategoryItem.swift in Sources */ = {isa = PBXBuildFile; fileRef = 49CA3239291D3CC50090EDAE /* CategoryItem.swift */; };
		49F1EE9D2940F21B00F85F07 /* LandmarkSave.swift in Sources */ = {isa = PBXBuildFile; fileRef = 49F1EE9C2940F21B00F85F07 /* LandmarkSave.swift */; };
		49F733ED29082B1700A0C29F /* FavoriteButton.swift in Sources */ = {isa = PBXBuildFile; fileRef = 49F733EC29082B1700A0C29F /* FavoriteButton.swift */; };
		49F733F1290AB7F700A0C29F /* StarRatingView.swift in Sources */ = {isa = PBXBuildFile; fileRef = 49F733F0290AB7F700A0C29F /* StarRatingView.swift */; };
/* End PBXBuildFile section */

/* Begin PBXFileReference section */
		495376E8291D3E6000E577F9 /* ProfileHost.swift */ = {isa = PBXFileReference; lastKnownFileType = sourcecode.swift; path = ProfileHost.swift; sourceTree = "<group>"; };
		495376EA291D3E7200E577F9 /* ProfileSummary.swift */ = {isa = PBXFileReference; lastKnownFileType = sourcecode.swift; path = ProfileSummary.swift; sourceTree = "<group>"; };
		495376EC291D3E8600E577F9 /* ProfileEditor.swift */ = {isa = PBXFileReference; lastKnownFileType = sourcecode.swift; path = ProfileEditor.swift; sourceTree = "<group>"; };
		495376EE291D3EE000E577F9 /* Profile.swift */ = {isa = PBXFileReference; lastKnownFileType = sourcecode.swift; path = Profile.swift; sourceTree = "<group>"; };
		495376F0291D3F2400E577F9 /* HikeBadge.swift */ = {isa = PBXFileReference; lastKnownFileType = sourcecode.swift; path = HikeBadge.swift; sourceTree = "<group>"; };
		495376F22922BDB200E577F9 /* PListManager.swift */ = {isa = PBXFileReference; lastKnownFileType = sourcecode.swift; path = PListManager.swift; sourceTree = "<group>"; };
		4982031A28FDC5A200B9D08F /* Landmarks.app */ = {isa = PBXFileReference; explicitFileType = wrapper.application; includeInIndex = 0; path = Landmarks.app; sourceTree = BUILT_PRODUCTS_DIR; };
		4982031D28FDC5A200B9D08F /* LandmarksApp.swift */ = {isa = PBXFileReference; lastKnownFileType = sourcecode.swift; path = LandmarksApp.swift; sourceTree = "<group>"; };
		4982031F28FDC5A200B9D08F /* ContentView.swift */ = {isa = PBXFileReference; lastKnownFileType = sourcecode.swift; path = ContentView.swift; sourceTree = "<group>"; };
		4982032128FDC5A300B9D08F /* Assets.xcassets */ = {isa = PBXFileReference; lastKnownFileType = folder.assetcatalog; path = Assets.xcassets; sourceTree = "<group>"; };
		4982032428FDC5A300B9D08F /* Preview Assets.xcassets */ = {isa = PBXFileReference; lastKnownFileType = folder.assetcatalog; path = "Preview Assets.xcassets"; sourceTree = "<group>"; };
		4982032B28FDCB3400B9D08F /* CircleImage.swift */ = {isa = PBXFileReference; lastKnownFileType = sourcecode.swift; path = CircleImage.swift; sourceTree = "<group>"; };
		4982032D28FDCE0D00B9D08F /* MapView.swift */ = {isa = PBXFileReference; lastKnownFileType = sourcecode.swift; path = MapView.swift; sourceTree = "<group>"; };
		4982032F29004C8200B9D08F /* landmarkData.json */ = {isa = PBXFileReference; fileEncoding = 4; lastKnownFileType = text.json; path = landmarkData.json; sourceTree = "<group>"; };
		4982033129004D2100B9D08F /* Landmark.swift */ = {isa = PBXFileReference; lastKnownFileType = sourcecode.swift; path = Landmark.swift; sourceTree = "<group>"; };
		4982033529004FCB00B9D08F /* Coordinates.swift */ = {isa = PBXFileReference; lastKnownFileType = sourcecode.swift; path = Coordinates.swift; sourceTree = "<group>"; };
		49820337290050EA00B9D08F /* ModelData.swift */ = {isa = PBXFileReference; lastKnownFileType = sourcecode.swift; path = ModelData.swift; sourceTree = "<group>"; };
		4982033B2902C76400B9D08F /* LandmarkRow.swift */ = {isa = PBXFileReference; lastKnownFileType = sourcecode.swift; path = LandmarkRow.swift; sourceTree = "<group>"; };
		4982033F2902CB9B00B9D08F /* LandmarkList.swift */ = {isa = PBXFileReference; lastKnownFileType = sourcecode.swift; path = LandmarkList.swift; sourceTree = "<group>"; };
		498203412902CF4200B9D08F /* LandmarkDetail.swift */ = {isa = PBXFileReference; lastKnownFileType = sourcecode.swift; path = LandmarkDetail.swift; sourceTree = "<group>"; };
		498CB79F294533AE000F2704 /* ImagePickerView.swift */ = {isa = PBXFileReference; lastKnownFileType = sourcecode.swift; path = ImagePickerView.swift; sourceTree = "<group>"; };
		498CB7A129453D11000F2704 /* Coordinator.swift */ = {isa = PBXFileReference; lastKnownFileType = sourcecode.swift; path = Coordinator.swift; sourceTree = "<group>"; };
		499FC21A2910507600294513 /* TopRatedButton.swift */ = {isa = PBXFileReference; lastKnownFileType = sourcecode.swift; path = TopRatedButton.swift; sourceTree = "<group>"; };
		49CA320F291A98C30090EDAE /* Badge.swift */ = {isa = PBXFileReference; lastKnownFileType = sourcecode.swift; path = Badge.swift; sourceTree = "<group>"; };
		49CA3211291A993E0090EDAE /* BadgeBackground.swift */ = {isa = PBXFileReference; lastKnownFileType = sourcecode.swift; path = BadgeBackground.swift; sourceTree = "<group>"; };
		49CA3213291A998E0090EDAE /* BadgeSymbol.swift */ = {isa = PBXFileReference; lastKnownFileType = sourcecode.swift; path = BadgeSymbol.swift; sourceTree = "<group>"; };
		49CA3215291A99B00090EDAE /* RotatedBadgeSymbol.swift */ = {isa = PBXFileReference; lastKnownFileType = sourcecode.swift; path = RotatedBadgeSymbol.swift; sourceTree = "<group>"; };
		49CA3217291A99E70090EDAE /* HexagonParameters.swift */ = {isa = PBXFileReference; lastKnownFileType = sourcecode.swift; path = HexagonParameters.swift; sourceTree = "<group>"; };
		49CA3219291AA5A10090EDAE /* Hike.swift */ = {isa = PBXFileReference; lastKnownFileType = sourcecode.swift; path = Hike.swift; sourceTree = "<group>"; };
		49CA321C291AA6030090EDAE /* HikeView.swift */ = {isa = PBXFileReference; lastKnownFileType = sourcecode.swift; path = HikeView.swift; sourceTree = "<group>"; };
		49CA321E291AA6300090EDAE /* HikeDetail.swift */ = {isa = PBXFileReference; lastKnownFileType = sourcecode.swift; path = HikeDetail.swift; sourceTree = "<group>"; };
		49CA3220291AA65C0090EDAE /* HikeGraph.swift */ = {isa = PBXFileReference; lastKnownFileType = sourcecode.swift; path = HikeGraph.swift; sourceTree = "<group>"; };
		49CA3222291AA6850090EDAE /* GraphCapsule.swift */ = {isa = PBXFileReference; lastKnownFileType = sourcecode.swift; path = GraphCapsule.swift; sourceTree = "<group>"; };
		49CA3225291AA9BC0090EDAE /* hikeData.json */ = {isa = PBXFileReference; fileEncoding = 4; lastKnownFileType = text.json; path = hikeData.json; sourceTree = "<group>"; };
		49CA3227291AAA4A0090EDAE /* landmarks.plist */ = {isa = PBXFileReference; lastKnownFileType = text.plist.xml; path = landmarks.plist; sourceTree = "<group>"; };
		49CA3235291D3C8B0090EDAE /* CategoryHome.swift */ = {isa = PBXFileReference; lastKnownFileType = sourcecode.swift; path = CategoryHome.swift; sourceTree = "<group>"; };
		49CA3237291D3CA90090EDAE /* CategoryRow.swift */ = {isa = PBXFileReference; lastKnownFileType = sourcecode.swift; path = CategoryRow.swift; sourceTree = "<group>"; };
		49CA3239291D3CC50090EDAE /* CategoryItem.swift */ = {isa = PBXFileReference; lastKnownFileType = sourcecode.swift; path = CategoryItem.swift; sourceTree = "<group>"; };
		49F1EE9C2940F21B00F85F07 /* LandmarkSave.swift */ = {isa = PBXFileReference; lastKnownFileType = sourcecode.swift; path = LandmarkSave.swift; sourceTree = "<group>"; };
		49F733EC29082B1700A0C29F /* FavoriteButton.swift */ = {isa = PBXFileReference; lastKnownFileType = sourcecode.swift; path = FavoriteButton.swift; sourceTree = "<group>"; };
		49F733F0290AB7F700A0C29F /* StarRatingView.swift */ = {isa = PBXFileReference; lastKnownFileType = sourcecode.swift; path = StarRatingView.swift; sourceTree = "<group>"; };
/* End PBXFileReference section */

/* Begin PBXFrameworksBuildPhase section */
		4982031728FDC5A200B9D08F /* Frameworks */ = {
			isa = PBXFrameworksBuildPhase;
			buildActionMask = 2147483647;
			files = (
			);
			runOnlyForDeploymentPostprocessing = 0;
		};
/* End PBXFrameworksBuildPhase section */

/* Begin PBXGroup section */
		495376E7291D3E4300E577F9 /* Profiles */ = {
			isa = PBXGroup;
			children = (
				495376E8291D3E6000E577F9 /* ProfileHost.swift */,
				495376EC291D3E8600E577F9 /* ProfileEditor.swift */,
				495376EA291D3E7200E577F9 /* ProfileSummary.swift */,
			);
			path = Profiles;
			sourceTree = "<group>";
		};
		4982031128FDC5A200B9D08F = {
			isa = PBXGroup;
			children = (
				4982031C28FDC5A200B9D08F /* Landmarks */,
				4982031B28FDC5A200B9D08F /* Products */,
			);
			sourceTree = "<group>";
		};
		4982031B28FDC5A200B9D08F /* Products */ = {
			isa = PBXGroup;
			children = (
				4982031A28FDC5A200B9D08F /* Landmarks.app */,
			);
			name = Products;
			sourceTree = "<group>";
		};
		4982031C28FDC5A200B9D08F /* Landmarks */ = {
			isa = PBXGroup;
			children = (
				4982031D28FDC5A200B9D08F /* LandmarksApp.swift */,
				4982033A2900536000B9D08F /* Views */,
				4982032128FDC5A300B9D08F /* Assets.xcassets */,
				49820339290052F100B9D08F /* Model */,
				4982032328FDC5A300B9D08F /* Preview Content */,
			);
			path = Landmarks;
			sourceTree = "<group>";
		};
		4982032328FDC5A300B9D08F /* Preview Content */ = {
			isa = PBXGroup;
			children = (
				4982032428FDC5A300B9D08F /* Preview Assets.xcassets */,
			);
			path = "Preview Content";
			sourceTree = "<group>";
		};
		49820339290052F100B9D08F /* Model */ = {
			isa = PBXGroup;
			children = (
				495376EE291D3EE000E577F9 /* Profile.swift */,
				49820337290050EA00B9D08F /* ModelData.swift */,
				4982033129004D2100B9D08F /* Landmark.swift */,
				4982033529004FCB00B9D08F /* Coordinates.swift */,
				49CA3219291AA5A10090EDAE /* Hike.swift */,
				495376F22922BDB200E577F9 /* PListManager.swift */,
				4982032F29004C8200B9D08F /* landmarkData.json */,
				49CA3225291AA9BC0090EDAE /* hikeData.json */,
				49CA3227291AAA4A0090EDAE /* landmarks.plist */,
			);
			path = Model;
			sourceTree = "<group>";
		};
		4982033A2900536000B9D08F /* Views */ = {
			isa = PBXGroup;
			children = (
				4982031F28FDC5A200B9D08F /* ContentView.swift */,
				49F733EE29082C9100A0C29F /* LandmarkViews */,
				498CB79E29453378000F2704 /* Camera */,
				49CA3234291D3C680090EDAE /* Categories */,
				49CA320C291A986C0090EDAE /* Badges */,
				495376E7291D3E4300E577F9 /* Profiles */,
				49CA321B291AA5E30090EDAE /* Hikes */,
				49F733EF29082CB700A0C29F /* Helpers */,
			);
			path = Views;
			sourceTree = "<group>";
		};
		498CB79E29453378000F2704 /* Camera */ = {
			isa = PBXGroup;
			children = (
				498CB79F294533AE000F2704 /* ImagePickerView.swift */,
				498CB7A129453D11000F2704 /* Coordinator.swift */,
			);
			path = Camera;
			sourceTree = "<group>";
		};
		49CA320C291A986C0090EDAE /* Badges */ = {
			isa = PBXGroup;
			children = (
				49CA320F291A98C30090EDAE /* Badge.swift */,
				49CA3211291A993E0090EDAE /* BadgeBackground.swift */,
				49CA3213291A998E0090EDAE /* BadgeSymbol.swift */,
				49CA3215291A99B00090EDAE /* RotatedBadgeSymbol.swift */,
				49CA3217291A99E70090EDAE /* HexagonParameters.swift */,
				495376F0291D3F2400E577F9 /* HikeBadge.swift */,
			);
			path = Badges;
			sourceTree = "<group>";
		};
		49CA321B291AA5E30090EDAE /* Hikes */ = {
			isa = PBXGroup;
			children = (
				49CA321C291AA6030090EDAE /* HikeView.swift */,
				49CA321E291AA6300090EDAE /* HikeDetail.swift */,
				49CA3220291AA65C0090EDAE /* HikeGraph.swift */,
				49CA3222291AA6850090EDAE /* GraphCapsule.swift */,
			);
			path = Hikes;
			sourceTree = "<group>";
		};
		49CA3234291D3C680090EDAE /* Categories */ = {
			isa = PBXGroup;
			children = (
				49CA3235291D3C8B0090EDAE /* CategoryHome.swift */,
				49CA3237291D3CA90090EDAE /* CategoryRow.swift */,
				49CA3239291D3CC50090EDAE /* CategoryItem.swift */,
			);
			path = Categories;
			sourceTree = "<group>";
		};
		49F733EE29082C9100A0C29F /* LandmarkViews */ = {
			isa = PBXGroup;
			children = (
				498203412902CF4200B9D08F /* LandmarkDetail.swift */,
				4982033B2902C76400B9D08F /* LandmarkRow.swift */,
				4982033F2902CB9B00B9D08F /* LandmarkList.swift */,
				49F1EE9C2940F21B00F85F07 /* LandmarkSave.swift */,
			);
			path = LandmarkViews;
			sourceTree = "<group>";
		};
		49F733EF29082CB700A0C29F /* Helpers */ = {
			isa = PBXGroup;
			children = (
				4982032D28FDCE0D00B9D08F /* MapView.swift */,
				4982032B28FDCB3400B9D08F /* CircleImage.swift */,
				49F733EC29082B1700A0C29F /* FavoriteButton.swift */,
				499FC21A2910507600294513 /* TopRatedButton.swift */,
				49F733F0290AB7F700A0C29F /* StarRatingView.swift */,
			);
			path = Helpers;
			sourceTree = "<group>";
		};
/* End PBXGroup section */

/* Begin PBXNativeTarget section */
		4982031928FDC5A200B9D08F /* Landmarks */ = {
			isa = PBXNativeTarget;
			buildConfigurationList = 4982032828FDC5A300B9D08F /* Build configuration list for PBXNativeTarget "Landmarks" */;
			buildPhases = (
				4982031628FDC5A200B9D08F /* Sources */,
				4982031728FDC5A200B9D08F /* Frameworks */,
				4982031828FDC5A200B9D08F /* Resources */,
			);
			buildRules = (
			);
			dependencies = (
			);
			name = Landmarks;
			productName = Landmarks;
			productReference = 4982031A28FDC5A200B9D08F /* Landmarks.app */;
			productType = "com.apple.product-type.application";
		};
/* End PBXNativeTarget section */

/* Begin PBXProject section */
		4982031228FDC5A200B9D08F /* Project object */ = {
			isa = PBXProject;
			attributes = {
				BuildIndependentTargetsInParallel = 1;
				LastSwiftUpdateCheck = 1340;
				LastUpgradeCheck = 1340;
				TargetAttributes = {
					4982031928FDC5A200B9D08F = {
						CreatedOnToolsVersion = 13.4.1;
					};
				};
			};
			buildConfigurationList = 4982031528FDC5A200B9D08F /* Build configuration list for PBXProject "Landmarks" */;
			compatibilityVersion = "Xcode 13.0";
			developmentRegion = en;
			hasScannedForEncodings = 0;
			knownRegions = (
				en,
				Base,
			);
			mainGroup = 4982031128FDC5A200B9D08F;
			productRefGroup = 4982031B28FDC5A200B9D08F /* Products */;
			projectDirPath = "";
			projectRoot = "";
			targets = (
				4982031928FDC5A200B9D08F /* Landmarks */,
			);
		};
/* End PBXProject section */

/* Begin PBXResourcesBuildPhase section */
		4982031828FDC5A200B9D08F /* Resources */ = {
			isa = PBXResourcesBuildPhase;
			buildActionMask = 2147483647;
			files = (
				49CA3226291AA9BC0090EDAE /* hikeData.json in Resources */,
				4982032528FDC5A300B9D08F /* Preview Assets.xcassets in Resources */,
				4982032228FDC5A300B9D08F /* Assets.xcassets in Resources */,
				4982033029004C8200B9D08F /* landmarkData.json in Resources */,
				49CA3228291AAA4A0090EDAE /* landmarks.plist in Resources */,
			);
			runOnlyForDeploymentPostprocessing = 0;
		};
/* End PBXResourcesBuildPhase section */

/* Begin PBXSourcesBuildPhase section */
		4982031628FDC5A200B9D08F /* Sources */ = {
			isa = PBXSourcesBuildPhase;
			buildActionMask = 2147483647;
			files = (
				49820338290050EA00B9D08F /* ModelData.swift in Sources */,
				495376EF291D3EE000E577F9 /* Profile.swift in Sources */,
				49CA3221291AA65C0090EDAE /* HikeGraph.swift in Sources */,
				495376EB291D3E7200E577F9 /* ProfileSummary.swift in Sources */,
				499FC21B2910507600294513 /* TopRatedButton.swift in Sources */,
				4982032028FDC5A200B9D08F /* ContentView.swift in Sources */,
				49CA3236291D3C8B0090EDAE /* CategoryHome.swift in Sources */,
				49CA321A291AA5A10090EDAE /* Hike.swift in Sources */,
				495376E9291D3E6000E577F9 /* ProfileHost.swift in Sources */,
				4982032E28FDCE0D00B9D08F /* MapView.swift in Sources */,
				49CA3223291AA6850090EDAE /* GraphCapsule.swift in Sources */,
				49CA323A291D3CC50090EDAE /* CategoryItem.swift in Sources */,
				4982031E28FDC5A200B9D08F /* LandmarksApp.swift in Sources */,
				49CA3216291A99B00090EDAE /* RotatedBadgeSymbol.swift in Sources */,
				495376ED291D3E8600E577F9 /* ProfileEditor.swift in Sources */,
				49CA3214291A998E0090EDAE /* BadgeSymbol.swift in Sources */,
				498CB7A0294533AE000F2704 /* ImagePickerView.swift in Sources */,
				498203402902CB9B00B9D08F /* LandmarkList.swift in Sources */,
				49CA3238291D3CA90090EDAE /* CategoryRow.swift in Sources */,
				49F733F1290AB7F700A0C29F /* StarRatingView.swift in Sources */,
				49CA3210291A98C30090EDAE /* Badge.swift in Sources */,
				498CB7A229453D11000F2704 /* Coordinator.swift in Sources */,
				495376F32922BDB200E577F9 /* PListManager.swift in Sources */,
				49CA321F291AA6300090EDAE /* HikeDetail.swift in Sources */,
				495376F1291D3F2400E577F9 /* HikeBadge.swift in Sources */,
				4982033629004FCB00B9D08F /* Coordinates.swift in Sources */,
				4982032C28FDCB3400B9D08F /* CircleImage.swift in Sources */,
				49CA321D291AA6030090EDAE /* HikeView.swift in Sources */,
				49CA3218291A99E70090EDAE /* HexagonParameters.swift in Sources */,
				4982033C2902C76400B9D08F /* LandmarkRow.swift in Sources */,
				498203422902CF4200B9D08F /* LandmarkDetail.swift in Sources */,
				49F733ED29082B1700A0C29F /* FavoriteButton.swift in Sources */,
				49CA3212291A993E0090EDAE /* BadgeBackground.swift in Sources */,
				49F1EE9D2940F21B00F85F07 /* LandmarkSave.swift in Sources */,
				4982033229004D2100B9D08F /* Landmark.swift in Sources */,
			);
			runOnlyForDeploymentPostprocessing = 0;
		};
/* End PBXSourcesBuildPhase section */

/* Begin XCBuildConfiguration section */
		4982032628FDC5A300B9D08F /* Debug */ = {
			isa = XCBuildConfiguration;
			buildSettings = {
				ALWAYS_SEARCH_USER_PATHS = NO;
				CLANG_ANALYZER_NONNULL = YES;
				CLANG_ANALYZER_NUMBER_OBJECT_CONVERSION = YES_AGGRESSIVE;
				CLANG_CXX_LANGUAGE_STANDARD = "gnu++17";
				CLANG_ENABLE_MODULES = YES;
				CLANG_ENABLE_OBJC_ARC = YES;
				CLANG_ENABLE_OBJC_WEAK = YES;
				CLANG_WARN_BLOCK_CAPTURE_AUTORELEASING = YES;
				CLANG_WARN_BOOL_CONVERSION = YES;
				CLANG_WARN_COMMA = YES;
				CLANG_WARN_CONSTANT_CONVERSION = YES;
				CLANG_WARN_DEPRECATED_OBJC_IMPLEMENTATIONS = YES;
				CLANG_WARN_DIRECT_OBJC_ISA_USAGE = YES_ERROR;
				CLANG_WARN_DOCUMENTATION_COMMENTS = YES;
				CLANG_WARN_EMPTY_BODY = YES;
				CLANG_WARN_ENUM_CONVERSION = YES;
				CLANG_WARN_INFINITE_RECURSION = YES;
				CLANG_WARN_INT_CONVERSION = YES;
				CLANG_WARN_NON_LITERAL_NULL_CONVERSION = YES;
				CLANG_WARN_OBJC_IMPLICIT_RETAIN_SELF = YES;
				CLANG_WARN_OBJC_LITERAL_CONVERSION = YES;
				CLANG_WARN_OBJC_ROOT_CLASS = YES_ERROR;
				CLANG_WARN_QUOTED_INCLUDE_IN_FRAMEWORK_HEADER = YES;
				CLANG_WARN_RANGE_LOOP_ANALYSIS = YES;
				CLANG_WARN_STRICT_PROTOTYPES = YES;
				CLANG_WARN_SUSPICIOUS_MOVE = YES;
				CLANG_WARN_UNGUARDED_AVAILABILITY = YES_AGGRESSIVE;
				CLANG_WARN_UNREACHABLE_CODE = YES;
				CLANG_WARN__DUPLICATE_METHOD_MATCH = YES;
				COPY_PHASE_STRIP = NO;
				DEBUG_INFORMATION_FORMAT = dwarf;
				ENABLE_STRICT_OBJC_MSGSEND = YES;
				ENABLE_TESTABILITY = YES;
				GCC_C_LANGUAGE_STANDARD = gnu11;
				GCC_DYNAMIC_NO_PIC = NO;
				GCC_NO_COMMON_BLOCKS = YES;
				GCC_OPTIMIZATION_LEVEL = 0;
				GCC_PREPROCESSOR_DEFINITIONS = (
					"DEBUG=1",
					"$(inherited)",
				);
				GCC_WARN_64_TO_32_BIT_CONVERSION = YES;
				GCC_WARN_ABOUT_RETURN_TYPE = YES_ERROR;
				GCC_WARN_UNDECLARED_SELECTOR = YES;
				GCC_WARN_UNINITIALIZED_AUTOS = YES_AGGRESSIVE;
				GCC_WARN_UNUSED_FUNCTION = YES;
				GCC_WARN_UNUSED_VARIABLE = YES;
				IPHONEOS_DEPLOYMENT_TARGET = 15.5;
				MTL_ENABLE_DEBUG_INFO = INCLUDE_SOURCE;
				MTL_FAST_MATH = YES;
				ONLY_ACTIVE_ARCH = YES;
				SDKROOT = iphoneos;
				SWIFT_ACTIVE_COMPILATION_CONDITIONS = DEBUG;
				SWIFT_OPTIMIZATION_LEVEL = "-Onone";
			};
			name = Debug;
		};
		4982032728FDC5A300B9D08F /* Release */ = {
			isa = XCBuildConfiguration;
			buildSettings = {
				ALWAYS_SEARCH_USER_PATHS = NO;
				CLANG_ANALYZER_NONNULL = YES;
				CLANG_ANALYZER_NUMBER_OBJECT_CONVERSION = YES_AGGRESSIVE;
				CLANG_CXX_LANGUAGE_STANDARD = "gnu++17";
				CLANG_ENABLE_MODULES = YES;
				CLANG_ENABLE_OBJC_ARC = YES;
				CLANG_ENABLE_OBJC_WEAK = YES;
				CLANG_WARN_BLOCK_CAPTURE_AUTORELEASING = YES;
				CLANG_WARN_BOOL_CONVERSION = YES;
				CLANG_WARN_COMMA = YES;
				CLANG_WARN_CONSTANT_CONVERSION = YES;
				CLANG_WARN_DEPRECATED_OBJC_IMPLEMENTATIONS = YES;
				CLANG_WARN_DIRECT_OBJC_ISA_USAGE = YES_ERROR;
				CLANG_WARN_DOCUMENTATION_COMMENTS = YES;
				CLANG_WARN_EMPTY_BODY = YES;
				CLANG_WARN_ENUM_CONVERSION = YES;
				CLANG_WARN_INFINITE_RECURSION = YES;
				CLANG_WARN_INT_CONVERSION = YES;
				CLANG_WARN_NON_LITERAL_NULL_CONVERSION = YES;
				CLANG_WARN_OBJC_IMPLICIT_RETAIN_SELF = YES;
				CLANG_WARN_OBJC_LITERAL_CONVERSION = YES;
				CLANG_WARN_OBJC_ROOT_CLASS = YES_ERROR;
				CLANG_WARN_QUOTED_INCLUDE_IN_FRAMEWORK_HEADER = YES;
				CLANG_WARN_RANGE_LOOP_ANALYSIS = YES;
				CLANG_WARN_STRICT_PROTOTYPES = YES;
				CLANG_WARN_SUSPICIOUS_MOVE = YES;
				CLANG_WARN_UNGUARDED_AVAILABILITY = YES_AGGRESSIVE;
				CLANG_WARN_UNREACHABLE_CODE = YES;
				CLANG_WARN__DUPLICATE_METHOD_MATCH = YES;
				COPY_PHASE_STRIP = NO;
				DEBUG_INFORMATION_FORMAT = "dwarf-with-dsym";
				ENABLE_NS_ASSERTIONS = NO;
				ENABLE_STRICT_OBJC_MSGSEND = YES;
				GCC_C_LANGUAGE_STANDARD = gnu11;
				GCC_NO_COMMON_BLOCKS = YES;
				GCC_WARN_64_TO_32_BIT_CONVERSION = YES;
				GCC_WARN_ABOUT_RETURN_TYPE = YES_ERROR;
				GCC_WARN_UNDECLARED_SELECTOR = YES;
				GCC_WARN_UNINITIALIZED_AUTOS = YES_AGGRESSIVE;
				GCC_WARN_UNUSED_FUNCTION = YES;
				GCC_WARN_UNUSED_VARIABLE = YES;
				IPHONEOS_DEPLOYMENT_TARGET = 15.5;
				MTL_ENABLE_DEBUG_INFO = NO;
				MTL_FAST_MATH = YES;
				SDKROOT = iphoneos;
				SWIFT_COMPILATION_MODE = wholemodule;
				SWIFT_OPTIMIZATION_LEVEL = "-O";
				VALIDATE_PRODUCT = YES;
			};
			name = Release;
		};
		4982032928FDC5A300B9D08F /* Debug */ = {
			isa = XCBuildConfiguration;
			buildSettings = {
				ASSETCATALOG_COMPILER_APPICON_NAME = AppIcon;
				ASSETCATALOG_COMPILER_GLOBAL_ACCENT_COLOR_NAME = AccentColor;
				CODE_SIGN_STYLE = Automatic;
				CURRENT_PROJECT_VERSION = 1;
				DEVELOPMENT_ASSET_PATHS = "\"Landmarks/Preview Content\"";
				DEVELOPMENT_TEAM = 5BS6P75395;
				ENABLE_PREVIEWS = YES;
				GENERATE_INFOPLIST_FILE = YES;
				INFOPLIST_KEY_LSApplicationCategoryType = "";
				INFOPLIST_KEY_NSCameraUsageDescription = "We need permission for the camera";
				INFOPLIST_KEY_UIApplicationSceneManifest_Generation = YES;
				INFOPLIST_KEY_UIApplicationSupportsIndirectInputEvents = YES;
				INFOPLIST_KEY_UILaunchScreen_Generation = YES;
				INFOPLIST_KEY_UISupportedInterfaceOrientations_iPad = "UIInterfaceOrientationPortrait UIInterfaceOrientationPortraitUpsideDown UIInterfaceOrientationLandscapeLeft UIInterfaceOrientationLandscapeRight";
				INFOPLIST_KEY_UISupportedInterfaceOrientations_iPhone = "UIInterfaceOrientationPortrait UIInterfaceOrientationLandscapeLeft UIInterfaceOrientationLandscapeRight";
				LD_RUNPATH_SEARCH_PATHS = (
					"$(inherited)",
					"@executable_path/Frameworks",
				);
				MARKETING_VERSION = 1.0;
				PRODUCT_BUNDLE_IDENTIFIER = Patil.Landmarks;
				PRODUCT_NAME = "$(TARGET_NAME)";
				SWIFT_EMIT_LOC_STRINGS = YES;
				SWIFT_VERSION = 5.0;
				TARGETED_DEVICE_FAMILY = "1,2";
			};
			name = Debug;
		};
		4982032A28FDC5A300B9D08F /* Release */ = {
			isa = XCBuildConfiguration;
			buildSettings = {
				ASSETCATALOG_COMPILER_APPICON_NAME = AppIcon;
				ASSETCATALOG_COMPILER_GLOBAL_ACCENT_COLOR_NAME = AccentColor;
				CODE_SIGN_STYLE = Automatic;
				CURRENT_PROJECT_VERSION = 1;
				DEVELOPMENT_ASSET_PATHS = "\"Landmarks/Preview Content\"";
				DEVELOPMENT_TEAM = 5BS6P75395;
				ENABLE_PREVIEWS = YES;
				GENERATE_INFOPLIST_FILE = YES;
				INFOPLIST_KEY_LSApplicationCategoryType = "";
				INFOPLIST_KEY_NSCameraUsageDescription = "We need permission for the camera";
				INFOPLIST_KEY_UIApplicationSceneManifest_Generation = YES;
				INFOPLIST_KEY_UIApplicationSupportsIndirectInputEvents = YES;
				INFOPLIST_KEY_UILaunchScreen_Generation = YES;
				INFOPLIST_KEY_UISupportedInterfaceOrientations_iPad = "UIInterfaceOrientationPortrait UIInterfaceOrientationPortraitUpsideDown UIInterfaceOrientationLandscapeLeft UIInterfaceOrientationLandscapeRight";
				INFOPLIST_KEY_UISupportedInterfaceOrientations_iPhone = "UIInterfaceOrientationPortrait UIInterfaceOrientationLandscapeLeft UIInterfaceOrientationLandscapeRight";
				LD_RUNPATH_SEARCH_PATHS = (
					"$(inherited)",
					"@executable_path/Frameworks",
				);
				MARKETING_VERSION = 1.0;
				PRODUCT_BUNDLE_IDENTIFIER = Patil.Landmarks;
				PRODUCT_NAME = "$(TARGET_NAME)";
				SWIFT_EMIT_LOC_STRINGS = YES;
				SWIFT_VERSION = 5.0;
				TARGETED_DEVICE_FAMILY = "1,2";
			};
			name = Release;
		};
/* End XCBuildConfiguration section */

/* Begin XCConfigurationList section */
		4982031528FDC5A200B9D08F /* Build configuration list for PBXProject "Landmarks" */ = {
			isa = XCConfigurationList;
			buildConfigurations = (
				4982032628FDC5A300B9D08F /* Debug */,
				4982032728FDC5A300B9D08F /* Release */,
			);
			defaultConfigurationIsVisible = 0;
			defaultConfigurationName = Release;
		};
		4982032828FDC5A300B9D08F /* Build configuration list for PBXNativeTarget "Landmarks" */ = {
			isa = XCConfigurationList;
			buildConfigurations = (
				4982032928FDC5A300B9D08F /* Debug */,
				4982032A28FDC5A300B9D08F /* Release */,
			);
			defaultConfigurationIsVisible = 0;
			defaultConfigurationName = Release;
		};
/* End XCConfigurationList section */
	};
	rootObject = 4982031228FDC5A200B9D08F /* Project object */;
}
